
Microsoft Visual Studio Solution File, Format Version 12.00
# Visual Studio Version 16
VisualStudioVersion = 16.0.30517.126
MinimumVisualStudioVersion = 10.0.40219.1
Project("{9A19103F-16F7-4668-BE54-9A1E7A4F7556}") = "backend", "backend\backend.csproj", "{5D4A5382-79E5-4C09-891F-B53D94BF8EB0}"
EndProject
Project("{2150E333-8FDC-42A3-9474-1A3956D46DE8}") = "1- Web", "1- Web", "{DB9B0E19-400B-443D-BD76-C446B9BCE3E9}"
EndProject
Project("{2150E333-8FDC-42A3-9474-1A3956D46DE8}") = "2- Application", "2- Application", "{48E35F1F-1848-4B58-8A57-7825A774D6A3}"
EndProject
Project("{2150E333-8FDC-42A3-9474-1A3956D46DE8}") = "3- Domain", "3- Domain", "{8DF931E5-DC0A-4560-9CE8-B53C4EBD17CF}"
EndProject
Project("{2150E333-8FDC-42A3-9474-1A3956D46DE8}") = "4- Infra", "4- Infra", "{4410CDEC-E07F-4C10-B254-A05667974CC1}"
EndProject
Project("{9A19103F-16F7-4668-BE54-9A1E7A4F7556}") = "Application", "Application\Application.csproj", "{9D95F71D-CF40-4805-89BE-84CAEB3B6B59}"
EndProject
Project("{9A19103F-16F7-4668-BE54-9A1E7A4F7556}") = "Domain", "Domain\Domain.csproj", "{C3BCBA61-0081-4B16-8F8B-2B7E39F29DE5}"
EndProject
Project("{2150E333-8FDC-42A3-9474-1A3956D46DE8}") = "4.1- Data", "4.1- Data", "{64562E01-4BC0-4B86-A1A1-92121ADDF701}"
EndProject
Project("{9A19103F-16F7-4668-BE54-9A1E7A4F7556}") = "Data", "Data\Data.csproj", "{9C9A464B-9ED7-40E4-ADB4-71B78A6469D5}"
EndProject
Project("{2150E333-8FDC-42A3-9474-1A3956D46DE8}") = "4.2- CrossCutting", "4.2- CrossCutting", "{BA9A03B8-3969-4304-BDE7-B9547DF2D14E}"
EndProject
Project("{9A19103F-16F7-4668-BE54-9A1E7A4F7556}") = "CrossCutting", "CrossCutting\CrossCutting.csproj", "{31C517FA-3687-4C58-84CC-CBDA7F51BB9A}"
EndProject
Project("{FAE04EC0-301F-11D3-BF4B-00C04F79EFBC}") = "Auth", "Auth\Auth.csproj", "{07C09A57-B923-4817-A28C-3F338F9B22D7}"
EndProject
Global
	GlobalSection(SolutionConfigurationPlatforms) = preSolution
		Debug|Any CPU = Debug|Any CPU
		Release|Any CPU = Release|Any CPU
	EndGlobalSection
	GlobalSection(ProjectConfigurationPlatforms) = postSolution
		{5D4A5382-79E5-4C09-891F-B53D94BF8EB0}.Debug|Any CPU.ActiveCfg = Debug|Any CPU
		{5D4A5382-79E5-4C09-891F-B53D94BF8EB0}.Debug|Any CPU.Build.0 = Debug|Any CPU
		{5D4A5382-79E5-4C09-891F-B53D94BF8EB0}.Release|Any CPU.ActiveCfg = Release|Any CPU
		{5D4A5382-79E5-4C09-891F-B53D94BF8EB0}.Release|Any CPU.Build.0 = Release|Any CPU
		{9D95F71D-CF40-4805-89BE-84CAEB3B6B59}.Debug|Any CPU.ActiveCfg = Debug|Any CPU
		{9D95F71D-CF40-4805-89BE-84CAEB3B6B59}.Debug|Any CPU.Build.0 = Debug|Any CPU
		{9D95F71D-CF40-4805-89BE-84CAEB3B6B59}.Release|Any CPU.ActiveCfg = Release|Any CPU
		{9D95F71D-CF40-4805-89BE-84CAEB3B6B59}.Release|Any CPU.Build.0 = Release|Any CPU
		{C3BCBA61-0081-4B16-8F8B-2B7E39F29DE5}.Debug|Any CPU.ActiveCfg = Debug|Any CPU
		{C3BCBA61-0081-4B16-8F8B-2B7E39F29DE5}.Debug|Any CPU.Build.0 = Debug|Any CPU
		{C3BCBA61-0081-4B16-8F8B-2B7E39F29DE5}.Release|Any CPU.ActiveCfg = Release|Any CPU
		{C3BCBA61-0081-4B16-8F8B-2B7E39F29DE5}.Release|Any CPU.Build.0 = Release|Any CPU
		{9C9A464B-9ED7-40E4-ADB4-71B78A6469D5}.Debug|Any CPU.ActiveCfg = Debug|Any CPU
		{9C9A464B-9ED7-40E4-ADB4-71B78A6469D5}.Debug|Any CPU.Build.0 = Debug|Any CPU
		{9C9A464B-9ED7-40E4-ADB4-71B78A6469D5}.Release|Any CPU.ActiveCfg = Release|Any CPU
		{9C9A464B-9ED7-40E4-ADB4-71B78A6469D5}.Release|Any CPU.Build.0 = Release|Any CPU
		{31C517FA-3687-4C58-84CC-CBDA7F51BB9A}.Debug|Any CPU.ActiveCfg = Debug|Any CPU
		{31C517FA-3687-4C58-84CC-CBDA7F51BB9A}.Debug|Any CPU.Build.0 = Debug|Any CPU
		{31C517FA-3687-4C58-84CC-CBDA7F51BB9A}.Release|Any CPU.ActiveCfg = Release|Any CPU
		{31C517FA-3687-4C58-84CC-CBDA7F51BB9A}.Release|Any CPU.Build.0 = Release|Any CPU
		{07C09A57-B923-4817-A28C-3F338F9B22D7}.Debug|Any CPU.ActiveCfg = Debug|Any CPU
		{07C09A57-B923-4817-A28C-3F338F9B22D7}.Debug|Any CPU.Build.0 = Debug|Any CPU
		{07C09A57-B923-4817-A28C-3F338F9B22D7}.Release|Any CPU.ActiveCfg = Release|Any CPU
		{07C09A57-B923-4817-A28C-3F338F9B22D7}.Release|Any CPU.Build.0 = Release|Any CPU
	EndGlobalSection
	GlobalSection(SolutionProperties) = preSolution
		HideSolutionNode = FALSE
	EndGlobalSection
	GlobalSection(NestedProjects) = preSolution
		{5D4A5382-79E5-4C09-891F-B53D94BF8EB0} = {DB9B0E19-400B-443D-BD76-C446B9BCE3E9}
		{9D95F71D-CF40-4805-89BE-84CAEB3B6B59} = {48E35F1F-1848-4B58-8A57-7825A774D6A3}
		{C3BCBA61-0081-4B16-8F8B-2B7E39F29DE5} = {8DF931E5-DC0A-4560-9CE8-B53C4EBD17CF}
		{64562E01-4BC0-4B86-A1A1-92121ADDF701} = {4410CDEC-E07F-4C10-B254-A05667974CC1}
		{9C9A464B-9ED7-40E4-ADB4-71B78A6469D5} = {64562E01-4BC0-4B86-A1A1-92121ADDF701}
		{BA9A03B8-3969-4304-BDE7-B9547DF2D14E} = {4410CDEC-E07F-4C10-B254-A05667974CC1}
		{31C517FA-3687-4C58-84CC-CBDA7F51BB9A} = {BA9A03B8-3969-4304-BDE7-B9547DF2D14E}
		{07C09A57-B923-4817-A28C-3F338F9B22D7} = {BA9A03B8-3969-4304-BDE7-B9547DF2D14E}
	EndGlobalSection
	GlobalSection(ExtensibilityGlobals) = postSolution
		SolutionGuid = {B69E4295-4B92-4912-BFF0-761AEAF4476F}
	EndGlobalSection
EndGlobal
